
Microsoft Visual Studio Solution File, Format Version 12.00
Project("{FAE04EC0-301F-11D3-BF4B-00C04F79EFBC}") = "Pokemons", "src\Pokemons\Pokemons.csproj", "{4556D92B-A65B-4698-B1FF-E5F51255FFAD}"
EndProject
Project("{2150E333-8FDC-42A3-9474-1A3956D46DE8}") = "Pokemons.Build", "src\Pokemons.Build", "{224E5ABC-C0CB-4EA0-B33D-F6064EEE7DFE}"
				ProjectSection(SolutionItems) = preProject
						src\Pokemons.Build\.env = src\Pokemons.Build\.env
						stc\Pokemons.Build\.env.sample = src\Pokemons.Build\.env.sample
						src\Pokemons.Build\docker-compose.yml = src\Pokemons.Build\docker-compose.yml
				EndProjectSection
EndProject
Project("{FAE04EC0-301F-11D3-BF4B-00C04F79EFBC}") = "PokemonsBot", "src\PokemonsBot\PokemonsBot.csproj", "{4419D62B-06F0-4392-AFEE-410BCD05F735}"
EndProject
Project("{FAE04EC0-301F-11D3-BF4B-00C04F79EFBC}") = "PokemonsDomain", "src\PokemonsDomain\PokemonsDomain.csproj", "{79E3EEF0-F872-43B5-B5FE-89E3B632A65C}"
EndProject
Global
	GlobalSection(SolutionConfigurationPlatforms) = preSolution
		Debug|Any CPU = Debug|Any CPU
		Release|Any CPU = Release|Any CPU
	EndGlobalSection
	GlobalSection(ProjectConfigurationPlatforms) = postSolution
		{4556D92B-A65B-4698-B1FF-E5F51255FFAD}.Debug|Any CPU.ActiveCfg = Debug|Any CPU
		{4556D92B-A65B-4698-B1FF-E5F51255FFAD}.Debug|Any CPU.Build.0 = Debug|Any CPU
		{4556D92B-A65B-4698-B1FF-E5F51255FFAD}.Release|Any CPU.ActiveCfg = Release|Any CPU
		{4556D92B-A65B-4698-B1FF-E5F51255FFAD}.Release|Any CPU.Build.0 = Release|Any CPU
		{4419D62B-06F0-4392-AFEE-410BCD05F735}.Debug|Any CPU.ActiveCfg = Debug|Any CPU
		{4419D62B-06F0-4392-AFEE-410BCD05F735}.Debug|Any CPU.Build.0 = Debug|Any CPU
		{4419D62B-06F0-4392-AFEE-410BCD05F735}.Release|Any CPU.ActiveCfg = Release|Any CPU
		{4419D62B-06F0-4392-AFEE-410BCD05F735}.Release|Any CPU.Build.0 = Release|Any CPU
		{79E3EEF0-F872-43B5-B5FE-89E3B632A65C}.Debug|Any CPU.ActiveCfg = Debug|Any CPU
		{79E3EEF0-F872-43B5-B5FE-89E3B632A65C}.Debug|Any CPU.Build.0 = Debug|Any CPU
		{79E3EEF0-F872-43B5-B5FE-89E3B632A65C}.Release|Any CPU.ActiveCfg = Release|Any CPU
		{79E3EEF0-F872-43B5-B5FE-89E3B632A65C}.Release|Any CPU.Build.0 = Release|Any CPU
	EndGlobalSection
EndGlobal
